{
  "name": "font_tool-node",
  "version": "1.0.0",
  "lockfileVersion": 2,
  "requires": true,
  "packages": {
    "": {
      "name": "font_tool-node",
      "version": "1.0.0",
      "license": "MIT",
      "dependencies": {
        "fonteditor-core": "^2.1.11"
      }
    },
    "node_modules/@xmldom/xmldom": {
      "version": "0.8.7",
      "resolved": "https://registry.npmjs.org/@xmldom/xmldom/-/xmldom-0.8.7.tgz",
      "integrity": "sha512-sI1Ly2cODlWStkINzqGrZ8K6n+MTSbAeQnAipGyL+KZCXuHaRlj2gyyy8B/9MvsFFqN7XHryQnB2QwhzvJXovg==",
      "engines": {
        "node": ">=10.0.0"
      }
    },
    "node_modules/fonteditor-core": {
      "version": "2.1.11",
      "resolved": "https://registry.npmjs.org/fonteditor-core/-/fonteditor-core-2.1.11.tgz",
      "integrity": "sha512-zgO5tHw5vzqYqkeb9jthIANbOOGwWqNWovINCMyIDLh9xmujsHPqloWJdk0PMbJHbZmiLG1F/kygfuWS8+TDfA==",
      "dependencies": {
        "@xmldom/xmldom": "^0.8.3"
      }
    }
  }
}
